
Microsoft Visual Studio Solution File, Format Version 12.00
# Visual Studio Version 17
VisualStudioVersion = 17.14.36327.8
MinimumVisualStudioVersion = 10.0.40219.1
Project("{FAE04EC0-301F-11D3-BF4B-00C04F79EFBC}") = "BulkyWeb", "BulkyWeb\BulkyWeb.csproj", "{2C492603-EABF-4CE5-B9EF-5A600F0D71D5}"
EndProject
Project("{FAE04EC0-301F-11D3-BF4B-00C04F79EFBC}") = "Bulky.DataAccess", "Bulky.DataAccess\Bulky.DataAccess.csproj", "{5CD4D1CB-5145-4AD7-8DD1-7EB3782D62D0}"
EndProject
Project("{FAE04EC0-301F-11D3-BF4B-00C04F79EFBC}") = "Bulky.Models", "Bulky.Models\Bulky.Models.csproj", "{B396F0D1-753E-452E-B023-A278D2CD8558}"
EndProject
Project("{FAE04EC0-301F-11D3-BF4B-00C04F79EFBC}") = "Bulky.Utility", "Bulky.Utility\Bulky.Utility.csproj", "{EFFF3B94-BFAB-40FB-A81F-3541C9E745B3}"
EndProject
Global
	GlobalSection(SolutionConfigurationPlatforms) = preSolution
		Debug|Any CPU = Debug|Any CPU
		Release|Any CPU = Release|Any CPU
	EndGlobalSection
	GlobalSection(ProjectConfigurationPlatforms) = postSolution
		{2C492603-EABF-4CE5-B9EF-5A600F0D71D5}.Debug|Any CPU.ActiveCfg = Debug|Any CPU
		{2C492603-EABF-4CE5-B9EF-5A600F0D71D5}.Debug|Any CPU.Build.0 = Debug|Any CPU
		{2C492603-EABF-4CE5-B9EF-5A600F0D71D5}.Release|Any CPU.ActiveCfg = Release|Any CPU
		{2C492603-EABF-4CE5-B9EF-5A600F0D71D5}.Release|Any CPU.Build.0 = Release|Any CPU
		{5CD4D1CB-5145-4AD7-8DD1-7EB3782D62D0}.Debug|Any CPU.ActiveCfg = Debug|Any CPU
		{5CD4D1CB-5145-4AD7-8DD1-7EB3782D62D0}.Debug|Any CPU.Build.0 = Debug|Any CPU
		{5CD4D1CB-5145-4AD7-8DD1-7EB3782D62D0}.Release|Any CPU.ActiveCfg = Release|Any CPU
		{5CD4D1CB-5145-4AD7-8DD1-7EB3782D62D0}.Release|Any CPU.Build.0 = Release|Any CPU
		{B396F0D1-753E-452E-B023-A278D2CD8558}.Debug|Any CPU.ActiveCfg = Debug|Any CPU
		{B396F0D1-753E-452E-B023-A278D2CD8558}.Debug|Any CPU.Build.0 = Debug|Any CPU
		{B396F0D1-753E-452E-B023-A278D2CD8558}.Release|Any CPU.ActiveCfg = Release|Any CPU
		{B396F0D1-753E-452E-B023-A278D2CD8558}.Release|Any CPU.Build.0 = Release|Any CPU
		{EFFF3B94-BFAB-40FB-A81F-3541C9E745B3}.Debug|Any CPU.ActiveCfg = Debug|Any CPU
		{EFFF3B94-BFAB-40FB-A81F-3541C9E745B3}.Debug|Any CPU.Build.0 = Debug|Any CPU
		{EFFF3B94-BFAB-40FB-A81F-3541C9E745B3}.Release|Any CPU.ActiveCfg = Release|Any CPU
		{EFFF3B94-BFAB-40FB-A81F-3541C9E745B3}.Release|Any CPU.Build.0 = Release|Any CPU
	EndGlobalSection
	GlobalSection(SolutionProperties) = preSolution
		HideSolutionNode = FALSE
	EndGlobalSection
	GlobalSection(ExtensibilityGlobals) = postSolution
		SolutionGuid = {C026E476-6A9D-4D04-A8D0-9ADE9A64EE1E}
	EndGlobalSection
EndGlobal
