
Microsoft Visual Studio Solution File, Format Version 12.00
# Visual Studio Version 17
VisualStudioVersion = 17.14.36327.8 d17.14
MinimumVisualStudioVersion = 10.0.40219.1
Project("{FAE04EC0-301F-11D3-BF4B-00C04F79EFBC}") = "DataAccess", "DataAccess\DataAccess.csproj", "{0FD4B68E-3973-4C0F-9E99-1A74ECED657F}"
EndProject
Project("{FAE04EC0-301F-11D3-BF4B-00C04F79EFBC}") = "Models", "Models\Models.csproj", "{B1A3B75B-0611-478B-8540-B24B7A1C6A29}"
EndProject
Project("{FAE04EC0-301F-11D3-BF4B-00C04F79EFBC}") = "LibraryManagerMVC_2212453", "LibraryManagerMVC_2212453\LibraryManagerMVC_2212453.csproj", "{2598132A-17A0-44F2-9A28-AADD8973A824}"
EndProject
Global
	GlobalSection(SolutionConfigurationPlatforms) = preSolution
		Debug|Any CPU = Debug|Any CPU
		Release|Any CPU = Release|Any CPU
	EndGlobalSection
	GlobalSection(ProjectConfigurationPlatforms) = postSolution
		{0FD4B68E-3973-4C0F-9E99-1A74ECED657F}.Debug|Any CPU.ActiveCfg = Debug|Any CPU
		{0FD4B68E-3973-4C0F-9E99-1A74ECED657F}.Debug|Any CPU.Build.0 = Debug|Any CPU
		{0FD4B68E-3973-4C0F-9E99-1A74ECED657F}.Release|Any CPU.ActiveCfg = Release|Any CPU
		{0FD4B68E-3973-4C0F-9E99-1A74ECED657F}.Release|Any CPU.Build.0 = Release|Any CPU
		{B1A3B75B-0611-478B-8540-B24B7A1C6A29}.Debug|Any CPU.ActiveCfg = Debug|Any CPU
		{B1A3B75B-0611-478B-8540-B24B7A1C6A29}.Debug|Any CPU.Build.0 = Debug|Any CPU
		{B1A3B75B-0611-478B-8540-B24B7A1C6A29}.Release|Any CPU.ActiveCfg = Release|Any CPU
		{B1A3B75B-0611-478B-8540-B24B7A1C6A29}.Release|Any CPU.Build.0 = Release|Any CPU
		{2598132A-17A0-44F2-9A28-AADD8973A824}.Debug|Any CPU.ActiveCfg = Debug|Any CPU
		{2598132A-17A0-44F2-9A28-AADD8973A824}.Debug|Any CPU.Build.0 = Debug|Any CPU
		{2598132A-17A0-44F2-9A28-AADD8973A824}.Release|Any CPU.ActiveCfg = Release|Any CPU
		{2598132A-17A0-44F2-9A28-AADD8973A824}.Release|Any CPU.Build.0 = Release|Any CPU
	EndGlobalSection
	GlobalSection(SolutionProperties) = preSolution
		HideSolutionNode = FALSE
	EndGlobalSection
	GlobalSection(ExtensibilityGlobals) = postSolution
		SolutionGuid = {3D0881E1-677D-4CB9-AA71-FE57C8DB89EB}
	EndGlobalSection
EndGlobal
