
Microsoft Visual Studio Solution File, Format Version 12.00
# Visual Studio Version 17
VisualStudioVersion = 17.14.36327.8
MinimumVisualStudioVersion = 10.0.40219.1
Project("{FAE04EC0-301F-11D3-BF4B-00C04F79EFBC}") = "CodeFirstToNewDatabase", "CodeFirstToNewDatabase\CodeFirstToNewDatabase.csproj", "{04B2C4D9-A414-4DE3-9C98-CA78C013C103}"
EndProject
Project("{FAE04EC0-301F-11D3-BF4B-00C04F79EFBC}") = "CodeFirstToExistingDatabase", "CodeFirstToExistingDatabase\CodeFirstToExistingDatabase.csproj", "{2A88F848-0530-41A8-9260-246D28E8804C}"
EndProject
Project("{FAE04EC0-301F-11D3-BF4B-00C04F79EFBC}") = "ModelFirst", "ModelFirst\ModelFirst.csproj", "{CEAEE25D-8E49-4762-9EDC-2524C6AB948C}"
EndProject
Project("{FAE04EC0-301F-11D3-BF4B-00C04F79EFBC}") = "DatabaseFirst", "DatabaseFirst\DatabaseFirst.csproj", "{4BA012D1-E3DD-4CA4-A63E-B807AC62A06E}"
EndProject
Global
	GlobalSection(SolutionConfigurationPlatforms) = preSolution
		Debug|Any CPU = Debug|Any CPU
		Release|Any CPU = Release|Any CPU
	EndGlobalSection
	GlobalSection(ProjectConfigurationPlatforms) = postSolution
		{04B2C4D9-A414-4DE3-9C98-CA78C013C103}.Debug|Any CPU.ActiveCfg = Debug|Any CPU
		{04B2C4D9-A414-4DE3-9C98-CA78C013C103}.Debug|Any CPU.Build.0 = Debug|Any CPU
		{04B2C4D9-A414-4DE3-9C98-CA78C013C103}.Release|Any CPU.ActiveCfg = Release|Any CPU
		{04B2C4D9-A414-4DE3-9C98-CA78C013C103}.Release|Any CPU.Build.0 = Release|Any CPU
		{2A88F848-0530-41A8-9260-246D28E8804C}.Debug|Any CPU.ActiveCfg = Debug|Any CPU
		{2A88F848-0530-41A8-9260-246D28E8804C}.Debug|Any CPU.Build.0 = Debug|Any CPU
		{2A88F848-0530-41A8-9260-246D28E8804C}.Release|Any CPU.ActiveCfg = Release|Any CPU
		{2A88F848-0530-41A8-9260-246D28E8804C}.Release|Any CPU.Build.0 = Release|Any CPU
		{CEAEE25D-8E49-4762-9EDC-2524C6AB948C}.Debug|Any CPU.ActiveCfg = Debug|Any CPU
		{CEAEE25D-8E49-4762-9EDC-2524C6AB948C}.Debug|Any CPU.Build.0 = Debug|Any CPU
		{CEAEE25D-8E49-4762-9EDC-2524C6AB948C}.Release|Any CPU.ActiveCfg = Release|Any CPU
		{CEAEE25D-8E49-4762-9EDC-2524C6AB948C}.Release|Any CPU.Build.0 = Release|Any CPU
		{4BA012D1-E3DD-4CA4-A63E-B807AC62A06E}.Debug|Any CPU.ActiveCfg = Debug|Any CPU
		{4BA012D1-E3DD-4CA4-A63E-B807AC62A06E}.Debug|Any CPU.Build.0 = Debug|Any CPU
		{4BA012D1-E3DD-4CA4-A63E-B807AC62A06E}.Release|Any CPU.ActiveCfg = Release|Any CPU
		{4BA012D1-E3DD-4CA4-A63E-B807AC62A06E}.Release|Any CPU.Build.0 = Release|Any CPU
	EndGlobalSection
	GlobalSection(SolutionProperties) = preSolution
		HideSolutionNode = FALSE
	EndGlobalSection
	GlobalSection(ExtensibilityGlobals) = postSolution
		SolutionGuid = {BD5E44DB-949A-4A98-86A9-E0CD33D983E7}
	EndGlobalSection
EndGlobal
